
Microsoft Visual Studio Solution File, Format Version 12.00
# Visual Studio Version 17
VisualStudioVersion = 17.4.33205.214
MinimumVisualStudioVersion = 10.0.40219.1
Project("{FAE04EC0-301F-11D3-BF4B-00C04F79EFBC}") = "WinFormsApp10", "WinFormsApp10\WinFormsApp10.csproj", "{339B3B52-5CB6-40E7-A303-AF25E8660362}"
EndProject
Global
	GlobalSection(SolutionConfigurationPlatforms) = preSolution
		Debug|Any CPU = Debug|Any CPU
		Release|Any CPU = Release|Any CPU
	EndGlobalSection
	GlobalSection(ProjectConfigurationPlatforms) = postSolution
		{339B3B52-5CB6-40E7-A303-AF25E8660362}.Debug|Any CPU.ActiveCfg = Debug|Any CPU
		{339B3B52-5CB6-40E7-A303-AF25E8660362}.Debug|Any CPU.Build.0 = Debug|Any CPU
		{339B3B52-5CB6-40E7-A303-AF25E8660362}.Release|Any CPU.ActiveCfg = Release|Any CPU
		{339B3B52-5CB6-40E7-A303-AF25E8660362}.Release|Any CPU.Build.0 = Release|Any CPU
	EndGlobalSection
	GlobalSection(SolutionProperties) = preSolution
		HideSolutionNode = FALSE
	EndGlobalSection
	GlobalSection(ExtensibilityGlobals) = postSolution
		SolutionGuid = {75FD143B-A57F-4176-B0C4-E4F3196AFEC4}
	EndGlobalSection
EndGlobal
